// !$*UTF8*$!
{
	archiveVersion = 1;
	classes = {
	};
	objectVersion = 51;
	objects = {

/* Begin PBXBuildFile section */
		C10CF27F2514EE8F0001EA3F /* DescriptionsVC.swift in Sources */ = {isa = PBXBuildFile; fileRef = C10CF27E2514EE8F0001EA3F /* DescriptionsVC.swift */; };
		C10F3FA0245C81FA001D353E /* Auth.swift in Sources */ = {isa = PBXBuildFile; fileRef = C10F3F9F245C81FA001D353E /* Auth.swift */; };
		C10F3FA6245E0FF2001D353E /* GameRequest.swift in Sources */ = {isa = PBXBuildFile; fileRef = C10F3FA5245E0FF2001D353E /* GameRequest.swift */; };
		C10F4261245F5719001D353E /* PlayersList.swift in Sources */ = {isa = PBXBuildFile; fileRef = C10F4260245F5719001D353E /* PlayersList.swift */; };
		C10F42632461CE76001D353E /* InvitePlayerVC.swift in Sources */ = {isa = PBXBuildFile; fileRef = C10F42622461CE76001D353E /* InvitePlayerVC.swift */; };
		C10F426724622642001D353E /* InvitePlayerTVC.swift in Sources */ = {isa = PBXBuildFile; fileRef = C10F426624622642001D353E /* InvitePlayerTVC.swift */; };
		C112465424707A49009FB46D /* Game+extension.swift in Sources */ = {isa = PBXBuildFile; fileRef = C112465324707A49009FB46D /* Game+extension.swift */; };
		C115089224781E08005867CB /* sendRequest.swift in Sources */ = {isa = PBXBuildFile; fileRef = C115089124781E08005867CB /* sendRequest.swift */; };
		C115089824794E85005867CB /* ClientSettings.swift in Sources */ = {isa = PBXBuildFile; fileRef = C115089724794E85005867CB /* ClientSettings.swift */; };
		C115089A2479C5B9005867CB /* SettingsVC.swift in Sources */ = {isa = PBXBuildFile; fileRef = C11508992479C5B9005867CB /* SettingsVC.swift */; };
		C115089E247A9DC5005867CB /* AppSettings.swift in Sources */ = {isa = PBXBuildFile; fileRef = C115089D247A9DC5005867CB /* AppSettings.swift */; };
		C11508A0247AA03C005867CB /* Sounds.swift in Sources */ = {isa = PBXBuildFile; fileRef = C115089F247AA03C005867CB /* Sounds.swift */; };
		C127822C246ADDDF002C4E81 /* String+extension.swift in Sources */ = {isa = PBXBuildFile; fileRef = C127822B246ADDDF002C4E81 /* String+extension.swift */; };
		C127822E246ADEC0002C4E81 /* Date+extension.swift in Sources */ = {isa = PBXBuildFile; fileRef = C127822D246ADEC0002C4E81 /* Date+extension.swift */; };
		C1278232246C94C9002C4E81 /* MainVC+delegate.swift in Sources */ = {isa = PBXBuildFile; fileRef = C1278231246C94C8002C4E81 /* MainVC+delegate.swift */; };
		C1278234246C9590002C4E81 /* MainVC+timers.swift in Sources */ = {isa = PBXBuildFile; fileRef = C1278233246C9590002C4E81 /* MainVC+timers.swift */; };
		C130986421239082001D894D /* K.swift in Sources */ = {isa = PBXBuildFile; fileRef = C130986321239082001D894D /* K.swift */; };
		C144B470247097F8006B0EDD /* MainVC+stopBtn.swift in Sources */ = {isa = PBXBuildFile; fileRef = C144B46F247097F8006B0EDD /* MainVC+stopBtn.swift */; };
		C1480A912123649500137C37 /* ExplainVC.swift in Sources */ = {isa = PBXBuildFile; fileRef = C1480A902123649500137C37 /* ExplainVC.swift */; };
		C14B02A4212983E300B2E96C /* 12009.ttf in Resources */ = {isa = PBXBuildFile; fileRef = C14B02A3212983E200B2E96C /* 12009.ttf */; };
		C1561CF02133124A00C8B674 /* help.xib in Resources */ = {isa = PBXBuildFile; fileRef = C1561CEF2133124A00C8B674 /* help.xib */; };
		C1561CF42134186E00C8B674 /* StartVC.swift in Sources */ = {isa = PBXBuildFile; fileRef = C1561CF32134186E00C8B674 /* StartVC.swift */; };
		C15647202121FC6100F1602E /* AppDelegate.swift in Sources */ = {isa = PBXBuildFile; fileRef = C156471F2121FC6100F1602E /* AppDelegate.swift */; };
		C15647222121FC6100F1602E /* NewGameVC.swift in Sources */ = {isa = PBXBuildFile; fileRef = C15647212121FC6100F1602E /* NewGameVC.swift */; };
		C15647252121FC6100F1602E /* Main.storyboard in Resources */ = {isa = PBXBuildFile; fileRef = C15647232121FC6100F1602E /* Main.storyboard */; };
		C15647272121FC6100F1602E /* Assets.xcassets in Resources */ = {isa = PBXBuildFile; fileRef = C15647262121FC6100F1602E /* Assets.xcassets */; };
		C156472A2121FC6200F1602E /* LaunchScreen.storyboard in Resources */ = {isa = PBXBuildFile; fileRef = C15647282121FC6200F1602E /* LaunchScreen.storyboard */; };
		C1669C502458806700B19384 /* Player.swift in Sources */ = {isa = PBXBuildFile; fileRef = C1669C4F2458806700B19384 /* Player.swift */; };
		C1669C542458ADC600B19384 /* UserRequest.swift in Sources */ = {isa = PBXBuildFile; fileRef = C1669C532458ADC600B19384 /* UserRequest.swift */; };
		C1669C562458AEB100B19384 /* NewUserVC.swift in Sources */ = {isa = PBXBuildFile; fileRef = C1669C552458AEB100B19384 /* NewUserVC.swift */; };
		C1669C5B245B5E6D00B19384 /* Environment.swift in Sources */ = {isa = PBXBuildFile; fileRef = C1669C5A245B5E6D00B19384 /* Environment.swift */; };
		C1804DD52480EAB900FA9B57 /* RequestError.swift in Sources */ = {isa = PBXBuildFile; fileRef = C1804DD42480EAB900FA9B57 /* RequestError.swift */; };
		C195641A246E971B00EDA631 /* Update.swift in Sources */ = {isa = PBXBuildFile; fileRef = C1956419246E971B00EDA631 /* Update.swift */; };
		C1A1956A21387531000A1A51 /* UIView+extension.swift in Sources */ = {isa = PBXBuildFile; fileRef = C1A1956921387531000A1A51 /* UIView+extension.swift */; };
		C1A1956C21387710000A1A51 /* MyButton.swift in Sources */ = {isa = PBXBuildFile; fileRef = C1A1956B21387710000A1A51 /* MyButton.swift */; };
		C1A1957021391522000A1A51 /* UIViewController+extension.swift in Sources */ = {isa = PBXBuildFile; fileRef = C1A1956F21391522000A1A51 /* UIViewController+extension.swift */; };
		C1C15A322489237300C28D60 /* attention.wav in Resources */ = {isa = PBXBuildFile; fileRef = C1C15A312489237200C28D60 /* attention.wav */; };
		C1C8CE1C2487A477001AE20C /* NGVC+mode.swift in Sources */ = {isa = PBXBuildFile; fileRef = C1C8CE1B2487A477001AE20C /* NGVC+mode.swift */; };
		C1D0968324579A0E00A03A21 /* GameTypeVC.swift in Sources */ = {isa = PBXBuildFile; fileRef = C1D0968224579A0E00A03A21 /* GameTypeVC.swift */; };
		C1D096852458299600A03A21 /* CreateJoinVC.swift in Sources */ = {isa = PBXBuildFile; fileRef = C1D096842458299600A03A21 /* CreateJoinVC.swift */; };
		C1D0968724582C1A00A03A21 /* GamesListVC.swift in Sources */ = {isa = PBXBuildFile; fileRef = C1D0968624582C1A00A03A21 /* GamesListVC.swift */; };
		C1D0968C2458305400A03A21 /* GamesListTVC.swift in Sources */ = {isa = PBXBuildFile; fileRef = C1D0968B2458305400A03A21 /* GamesListTVC.swift */; };
		C1D0968E2458329600A03A21 /* Game.swift in Sources */ = {isa = PBXBuildFile; fileRef = C1D0968D2458329600A03A21 /* Game.swift */; };
		C1D09690245832E500A03A21 /* User.swift in Sources */ = {isa = PBXBuildFile; fileRef = C1D0968F245832E500A03A21 /* User.swift */; };
		C1EA3F342468305500BBC67E /* NGVC+updateStatus.swift in Sources */ = {isa = PBXBuildFile; fileRef = C1EA3F332468305500BBC67E /* NGVC+updateStatus.swift */; };
		C1EA3F372468314000BBC67E /* NGVC+rejectButton.swift in Sources */ = {isa = PBXBuildFile; fileRef = C1EA3F362468314000BBC67E /* NGVC+rejectButton.swift */; };
		C1EA3F39246831B400BBC67E /* NGVC+Picker.swift in Sources */ = {isa = PBXBuildFile; fileRef = C1EA3F38246831B400BBC67E /* NGVC+Picker.swift */; };
		C1EA3F3B2468322900BBC67E /* NGVC+Delegate.swift in Sources */ = {isa = PBXBuildFile; fileRef = C1EA3F3A2468322900BBC67E /* NGVC+Delegate.swift */; };
		C1EA3F3D246832E300BBC67E /* NGVC+createGame.swift in Sources */ = {isa = PBXBuildFile; fileRef = C1EA3F3C246832E300BBC67E /* NGVC+createGame.swift */; };
		C1EA3F3F2468332E00BBC67E /* NGVC+setup.swift in Sources */ = {isa = PBXBuildFile; fileRef = C1EA3F3E2468332E00BBC67E /* NGVC+setup.swift */; };
		CA023D0F217561CE008AE815 /* GameData.swift in Sources */ = {isa = PBXBuildFile; fileRef = CA023D0C217561CD008AE815 /* GameData.swift */; };
		CA023D1C2175620E008AE815 /* true.wav in Resources */ = {isa = PBXBuildFile; fileRef = CA023D142175620E008AE815 /* true.wav */; };
		CA023D1D2175620E008AE815 /* false.wav in Resources */ = {isa = PBXBuildFile; fileRef = CA023D152175620E008AE815 /* false.wav */; };
		CA023D202175620E008AE815 /* applause.wav in Resources */ = {isa = PBXBuildFile; fileRef = CA023D182175620E008AE815 /* applause.wav */; };
		CA023D212175620E008AE815 /* click.wav in Resources */ = {isa = PBXBuildFile; fileRef = CA023D192175620E008AE815 /* click.wav */; };
		CA023D2321756243008AE815 /* AVAudioPlayer+extension.swift in Sources */ = {isa = PBXBuildFile; fileRef = CA023D2221756243008AE815 /* AVAudioPlayer+extension.swift */; };
		CA0CD5EA23B7D52400A76B75 /* countdown.mp3 in Resources */ = {isa = PBXBuildFile; fileRef = CA0CD5E923B7D52400A76B75 /* countdown.mp3 */; };
		CA0CD5EE23B7D56400A76B75 /* timeOver.mp3 in Resources */ = {isa = PBXBuildFile; fileRef = CA0CD5ED23B7D56400A76B75 /* timeOver.mp3 */; };
		CA0CD5F123B8B2AB00A76B75 /* AboutVC.swift in Sources */ = {isa = PBXBuildFile; fileRef = CA0CD5EF23B8B2AB00A76B75 /* AboutVC.swift */; };
		CA0CD5F223B8B2AB00A76B75 /* AboutTVC.swift in Sources */ = {isa = PBXBuildFile; fileRef = CA0CD5F023B8B2AB00A76B75 /* AboutTVC.swift */; };
		CA0CD5F423B8BA7C00A76B75 /* HelpVC.swift in Sources */ = {isa = PBXBuildFile; fileRef = CA0CD5F323B8BA7C00A76B75 /* HelpVC.swift */; };
		CA3281D12376DAD200822B22 /* PlayersTVC.swift in Sources */ = {isa = PBXBuildFile; fileRef = CA3281D02376DAD200822B22 /* PlayersTVC.swift */; };
		CA5916D423B3C74D007625A1 /* MainVC.swift in Sources */ = {isa = PBXBuildFile; fileRef = CA5916D323B3C74D007625A1 /* MainVC.swift */; };
		CA5916D623B3CBF1007625A1 /* Words.swift in Sources */ = {isa = PBXBuildFile; fileRef = CA5916D523B3CBF1007625A1 /* Words.swift */; };
		CA8A2F9B23B66C64008D7EBE /* EndGameVC.swift in Sources */ = {isa = PBXBuildFile; fileRef = CA8A2F9A23B66C64008D7EBE /* EndGameVC.swift */; };
		CA8A2F9D23B66DF7008D7EBE /* EndGameTVC.swift in Sources */ = {isa = PBXBuildFile; fileRef = CA8A2F9C23B66DF7008D7EBE /* EndGameTVC.swift */; };
		CA8A2F9F23B6A034008D7EBE /* BasketVC.swift in Sources */ = {isa = PBXBuildFile; fileRef = CA8A2F9E23B6A034008D7EBE /* BasketVC.swift */; };
		CA8A2FA123B6A1D2008D7EBE /* BasketTVC.swift in Sources */ = {isa = PBXBuildFile; fileRef = CA8A2FA023B6A1D2008D7EBE /* BasketTVC.swift */; };
		CAC9D91823B3E0F9005472AD /* Helper.swift in Sources */ = {isa = PBXBuildFile; fileRef = CAC9D91723B3E0F9005472AD /* Helper.swift */; };
/* End PBXBuildFile section */

/* Begin PBXFileReference section */
		05CA70399D72153473F6A0C9 /* Pods_Hat.framework */ = {isa = PBXFileReference; explicitFileType = wrapper.framework; includeInIndex = 0; path = Pods_Hat.framework; sourceTree = BUILT_PRODUCTS_DIR; };
		2E90485291A06DA169FEFF6A /* Pods-Hat.debug.xcconfig */ = {isa = PBXFileReference; includeInIndex = 1; lastKnownFileType = text.xcconfig; name = "Pods-Hat.debug.xcconfig"; path = "Target Support Files/Pods-Hat/Pods-Hat.debug.xcconfig"; sourceTree = "<group>"; };
		BC9B614AEC439B4C0CB0A341 /* Pods-Hat.release.xcconfig */ = {isa = PBXFileReference; includeInIndex = 1; lastKnownFileType = text.xcconfig; name = "Pods-Hat.release.xcconfig"; path = "Target Support Files/Pods-Hat/Pods-Hat.release.xcconfig"; sourceTree = "<group>"; };
		C10CF27E2514EE8F0001EA3F /* DescriptionsVC.swift */ = {isa = PBXFileReference; lastKnownFileType = sourcecode.swift; path = DescriptionsVC.swift; sourceTree = "<group>"; };
		C10F3F9F245C81FA001D353E /* Auth.swift */ = {isa = PBXFileReference; lastKnownFileType = sourcecode.swift; path = Auth.swift; sourceTree = "<group>"; };
		C10F3FA5245E0FF2001D353E /* GameRequest.swift */ = {isa = PBXFileReference; lastKnownFileType = sourcecode.swift; path = GameRequest.swift; sourceTree = "<group>"; };
		C10F4260245F5719001D353E /* PlayersList.swift */ = {isa = PBXFileReference; lastKnownFileType = sourcecode.swift; path = PlayersList.swift; sourceTree = "<group>"; };
		C10F42622461CE76001D353E /* InvitePlayerVC.swift */ = {isa = PBXFileReference; lastKnownFileType = sourcecode.swift; path = InvitePlayerVC.swift; sourceTree = "<group>"; };
		C10F426624622642001D353E /* InvitePlayerTVC.swift */ = {isa = PBXFileReference; lastKnownFileType = sourcecode.swift; path = InvitePlayerTVC.swift; sourceTree = "<group>"; };
		C112465324707A49009FB46D /* Game+extension.swift */ = {isa = PBXFileReference; lastKnownFileType = sourcecode.swift; path = "Game+extension.swift"; sourceTree = "<group>"; };
		C115089124781E08005867CB /* sendRequest.swift */ = {isa = PBXFileReference; lastKnownFileType = sourcecode.swift; path = sendRequest.swift; sourceTree = "<group>"; };
		C115089724794E85005867CB /* ClientSettings.swift */ = {isa = PBXFileReference; lastKnownFileType = sourcecode.swift; path = ClientSettings.swift; sourceTree = "<group>"; };
		C11508992479C5B9005867CB /* SettingsVC.swift */ = {isa = PBXFileReference; lastKnownFileType = sourcecode.swift; path = SettingsVC.swift; sourceTree = "<group>"; };
		C115089D247A9DC5005867CB /* AppSettings.swift */ = {isa = PBXFileReference; lastKnownFileType = sourcecode.swift; path = AppSettings.swift; sourceTree = "<group>"; };
		C115089F247AA03C005867CB /* Sounds.swift */ = {isa = PBXFileReference; lastKnownFileType = sourcecode.swift; path = Sounds.swift; sourceTree = "<group>"; };
		C127822B246ADDDF002C4E81 /* String+extension.swift */ = {isa = PBXFileReference; lastKnownFileType = sourcecode.swift; path = "String+extension.swift"; sourceTree = "<group>"; };
		C127822D246ADEC0002C4E81 /* Date+extension.swift */ = {isa = PBXFileReference; lastKnownFileType = sourcecode.swift; path = "Date+extension.swift"; sourceTree = "<group>"; };
		C1278231246C94C8002C4E81 /* MainVC+delegate.swift */ = {isa = PBXFileReference; lastKnownFileType = sourcecode.swift; path = "MainVC+delegate.swift"; sourceTree = "<group>"; };
		C1278233246C9590002C4E81 /* MainVC+timers.swift */ = {isa = PBXFileReference; lastKnownFileType = sourcecode.swift; path = "MainVC+timers.swift"; sourceTree = "<group>"; };
		C130986321239082001D894D /* K.swift */ = {isa = PBXFileReference; lastKnownFileType = sourcecode.swift; path = K.swift; sourceTree = "<group>"; };
		C144B46F247097F8006B0EDD /* MainVC+stopBtn.swift */ = {isa = PBXFileReference; lastKnownFileType = sourcecode.swift; path = "MainVC+stopBtn.swift"; sourceTree = "<group>"; };
		C1480A902123649500137C37 /* ExplainVC.swift */ = {isa = PBXFileReference; lastKnownFileType = sourcecode.swift; path = ExplainVC.swift; sourceTree = "<group>"; };
		C14B02A3212983E200B2E96C /* 12009.ttf */ = {isa = PBXFileReference; lastKnownFileType = file; path = 12009.ttf; sourceTree = "<group>"; };
		C1561CEF2133124A00C8B674 /* help.xib */ = {isa = PBXFileReference; lastKnownFileType = file.xib; path = help.xib; sourceTree = "<group>"; };
		C1561CF32134186E00C8B674 /* StartVC.swift */ = {isa = PBXFileReference; lastKnownFileType = sourcecode.swift; path = StartVC.swift; sourceTree = "<group>"; };
		C156471C2121FC6100F1602E /* Умная Шляпа.app */ = {isa = PBXFileReference; explicitFileType = wrapper.application; includeInIndex = 0; path = "Умная Шляпа.app"; sourceTree = BUILT_PRODUCTS_DIR; };
		C156471F2121FC6100F1602E /* AppDelegate.swift */ = {isa = PBXFileReference; lastKnownFileType = sourcecode.swift; path = AppDelegate.swift; sourceTree = "<group>"; };
		C15647212121FC6100F1602E /* NewGameVC.swift */ = {isa = PBXFileReference; lastKnownFileType = sourcecode.swift; path = NewGameVC.swift; sourceTree = "<group>"; };
		C15647242121FC6100F1602E /* Base */ = {isa = PBXFileReference; lastKnownFileType = file.storyboard; name = Base; path = Base.lproj/Main.storyboard; sourceTree = "<group>"; };
		C15647262121FC6100F1602E /* Assets.xcassets */ = {isa = PBXFileReference; lastKnownFileType = folder.assetcatalog; path = Assets.xcassets; sourceTree = "<group>"; };
		C15647292121FC6200F1602E /* Base */ = {isa = PBXFileReference; lastKnownFileType = file.storyboard; name = Base; path = Base.lproj/LaunchScreen.storyboard; sourceTree = "<group>"; };
		C156472B2121FC6200F1602E /* Info.plist */ = {isa = PBXFileReference; lastKnownFileType = text.plist.xml; path = Info.plist; sourceTree = "<group>"; };
		C1669C4F2458806700B19384 /* Player.swift */ = {isa = PBXFileReference; lastKnownFileType = sourcecode.swift; path = Player.swift; sourceTree = "<group>"; };
		C1669C532458ADC600B19384 /* UserRequest.swift */ = {isa = PBXFileReference; lastKnownFileType = sourcecode.swift; path = UserRequest.swift; sourceTree = "<group>"; };
		C1669C552458AEB100B19384 /* NewUserVC.swift */ = {isa = PBXFileReference; lastKnownFileType = sourcecode.swift; path = NewUserVC.swift; sourceTree = "<group>"; };
		C1669C5A245B5E6D00B19384 /* Environment.swift */ = {isa = PBXFileReference; lastKnownFileType = sourcecode.swift; path = Environment.swift; sourceTree = "<group>"; };
		C1804DD42480EAB900FA9B57 /* RequestError.swift */ = {isa = PBXFileReference; lastKnownFileType = sourcecode.swift; path = RequestError.swift; sourceTree = "<group>"; };
		C1956419246E971B00EDA631 /* Update.swift */ = {isa = PBXFileReference; lastKnownFileType = sourcecode.swift; path = Update.swift; sourceTree = "<group>"; };
		C1A1956921387531000A1A51 /* UIView+extension.swift */ = {isa = PBXFileReference; lastKnownFileType = sourcecode.swift; path = "UIView+extension.swift"; sourceTree = "<group>"; };
		C1A1956B21387710000A1A51 /* MyButton.swift */ = {isa = PBXFileReference; lastKnownFileType = sourcecode.swift; path = MyButton.swift; sourceTree = "<group>"; };
		C1A1956F21391522000A1A51 /* UIViewController+extension.swift */ = {isa = PBXFileReference; lastKnownFileType = sourcecode.swift; path = "UIViewController+extension.swift"; sourceTree = "<group>"; };
		C1C15A312489237200C28D60 /* attention.wav */ = {isa = PBXFileReference; lastKnownFileType = audio.wav; path = attention.wav; sourceTree = "<group>"; };
		C1C8CE1B2487A477001AE20C /* NGVC+mode.swift */ = {isa = PBXFileReference; lastKnownFileType = sourcecode.swift; path = "NGVC+mode.swift"; sourceTree = "<group>"; };
		C1D0968224579A0E00A03A21 /* GameTypeVC.swift */ = {isa = PBXFileReference; lastKnownFileType = sourcecode.swift; path = GameTypeVC.swift; sourceTree = "<group>"; };
		C1D096842458299600A03A21 /* CreateJoinVC.swift */ = {isa = PBXFileReference; lastKnownFileType = sourcecode.swift; path = CreateJoinVC.swift; sourceTree = "<group>"; };
		C1D0968624582C1A00A03A21 /* GamesListVC.swift */ = {isa = PBXFileReference; lastKnownFileType = sourcecode.swift; path = GamesListVC.swift; sourceTree = "<group>"; };
		C1D0968B2458305400A03A21 /* GamesListTVC.swift */ = {isa = PBXFileReference; lastKnownFileType = sourcecode.swift; path = GamesListTVC.swift; sourceTree = "<group>"; };
		C1D0968D2458329600A03A21 /* Game.swift */ = {isa = PBXFileReference; lastKnownFileType = sourcecode.swift; path = Game.swift; sourceTree = "<group>"; };
		C1D0968F245832E500A03A21 /* User.swift */ = {isa = PBXFileReference; lastKnownFileType = sourcecode.swift; path = User.swift; sourceTree = "<group>"; };
		C1EA3F332468305500BBC67E /* NGVC+updateStatus.swift */ = {isa = PBXFileReference; lastKnownFileType = sourcecode.swift; path = "NGVC+updateStatus.swift"; sourceTree = "<group>"; };
		C1EA3F362468314000BBC67E /* NGVC+rejectButton.swift */ = {isa = PBXFileReference; lastKnownFileType = sourcecode.swift; path = "NGVC+rejectButton.swift"; sourceTree = "<group>"; };
		C1EA3F38246831B400BBC67E /* NGVC+Picker.swift */ = {isa = PBXFileReference; lastKnownFileType = sourcecode.swift; path = "NGVC+Picker.swift"; sourceTree = "<group>"; };
		C1EA3F3A2468322900BBC67E /* NGVC+Delegate.swift */ = {isa = PBXFileReference; lastKnownFileType = sourcecode.swift; path = "NGVC+Delegate.swift"; sourceTree = "<group>"; };
		C1EA3F3C246832E300BBC67E /* NGVC+createGame.swift */ = {isa = PBXFileReference; lastKnownFileType = sourcecode.swift; path = "NGVC+createGame.swift"; sourceTree = "<group>"; };
		C1EA3F3E2468332E00BBC67E /* NGVC+setup.swift */ = {isa = PBXFileReference; lastKnownFileType = sourcecode.swift; path = "NGVC+setup.swift"; sourceTree = "<group>"; };
		CA023D0C217561CD008AE815 /* GameData.swift */ = {isa = PBXFileReference; fileEncoding = 4; lastKnownFileType = sourcecode.swift; path = GameData.swift; sourceTree = "<group>"; };
		CA023D142175620E008AE815 /* true.wav */ = {isa = PBXFileReference; lastKnownFileType = audio.wav; path = true.wav; sourceTree = "<group>"; };
		CA023D152175620E008AE815 /* false.wav */ = {isa = PBXFileReference; lastKnownFileType = audio.wav; path = false.wav; sourceTree = "<group>"; };
		CA023D182175620E008AE815 /* applause.wav */ = {isa = PBXFileReference; lastKnownFileType = audio.wav; path = applause.wav; sourceTree = "<group>"; };
		CA023D192175620E008AE815 /* click.wav */ = {isa = PBXFileReference; lastKnownFileType = audio.wav; path = click.wav; sourceTree = "<group>"; };
		CA023D2221756243008AE815 /* AVAudioPlayer+extension.swift */ = {isa = PBXFileReference; fileEncoding = 4; lastKnownFileType = sourcecode.swift; path = "AVAudioPlayer+extension.swift"; sourceTree = "<group>"; };
		CA0CD5E923B7D52400A76B75 /* countdown.mp3 */ = {isa = PBXFileReference; lastKnownFileType = audio.mp3; name = countdown.mp3; path = "../../../../Dropbox/Шляпа/countdown.mp3"; sourceTree = "<group>"; };
		CA0CD5ED23B7D56400A76B75 /* timeOver.mp3 */ = {isa = PBXFileReference; lastKnownFileType = audio.mp3; path = timeOver.mp3; sourceTree = "<group>"; };
		CA0CD5EF23B8B2AB00A76B75 /* AboutVC.swift */ = {isa = PBXFileReference; fileEncoding = 4; lastKnownFileType = sourcecode.swift; path = AboutVC.swift; sourceTree = "<group>"; };
		CA0CD5F023B8B2AB00A76B75 /* AboutTVC.swift */ = {isa = PBXFileReference; fileEncoding = 4; lastKnownFileType = sourcecode.swift; path = AboutTVC.swift; sourceTree = "<group>"; };
		CA0CD5F323B8BA7C00A76B75 /* HelpVC.swift */ = {isa = PBXFileReference; fileEncoding = 4; lastKnownFileType = sourcecode.swift; path = HelpVC.swift; sourceTree = "<group>"; };
		CA3281D02376DAD200822B22 /* PlayersTVC.swift */ = {isa = PBXFileReference; lastKnownFileType = sourcecode.swift; path = PlayersTVC.swift; sourceTree = "<group>"; };
		CA5916D323B3C74D007625A1 /* MainVC.swift */ = {isa = PBXFileReference; lastKnownFileType = sourcecode.swift; path = MainVC.swift; sourceTree = "<group>"; };
		CA5916D523B3CBF1007625A1 /* Words.swift */ = {isa = PBXFileReference; lastKnownFileType = sourcecode.swift; path = Words.swift; sourceTree = "<group>"; };
		CA8A2F9A23B66C64008D7EBE /* EndGameVC.swift */ = {isa = PBXFileReference; lastKnownFileType = sourcecode.swift; path = EndGameVC.swift; sourceTree = "<group>"; };
		CA8A2F9C23B66DF7008D7EBE /* EndGameTVC.swift */ = {isa = PBXFileReference; lastKnownFileType = sourcecode.swift; path = EndGameTVC.swift; sourceTree = "<group>"; };
		CA8A2F9E23B6A034008D7EBE /* BasketVC.swift */ = {isa = PBXFileReference; lastKnownFileType = sourcecode.swift; path = BasketVC.swift; sourceTree = "<group>"; };
		CA8A2FA023B6A1D2008D7EBE /* BasketTVC.swift */ = {isa = PBXFileReference; lastKnownFileType = sourcecode.swift; path = BasketTVC.swift; sourceTree = "<group>"; };
		CAC9D91723B3E0F9005472AD /* Helper.swift */ = {isa = PBXFileReference; lastKnownFileType = sourcecode.swift; path = Helper.swift; sourceTree = "<group>"; };
/* End PBXFileReference section */

/* Begin PBXFrameworksBuildPhase section */
		C15647192121FC6100F1602E /* Frameworks */ = {
			isa = PBXFrameworksBuildPhase;
			buildActionMask = 2147483647;
			files = (
			);
			runOnlyForDeploymentPostprocessing = 0;
		};
/* End PBXFrameworksBuildPhase section */

/* Begin PBXGroup section */
		00EE110427E35017AFA431B2 /* Frameworks */ = {
			isa = PBXGroup;
			children = (
				05CA70399D72153473F6A0C9 /* Pods_Hat.framework */,
			);
			name = Frameworks;
			sourceTree = "<group>";
		};
		B78450B772CC32E39C205E93 /* Pods */ = {
			isa = PBXGroup;
			children = (
				2E90485291A06DA169FEFF6A /* Pods-Hat.debug.xcconfig */,
				BC9B614AEC439B4C0CB0A341 /* Pods-Hat.release.xcconfig */,
			);
			path = Pods;
			sourceTree = "<group>";
		};
		C15647132121FC6100F1602E = {
			isa = PBXGroup;
			children = (
				C156471E2121FC6100F1602E /* SmartHat */,
				C156471D2121FC6100F1602E /* Products */,
				B78450B772CC32E39C205E93 /* Pods */,
				00EE110427E35017AFA431B2 /* Frameworks */,
			);
			sourceTree = "<group>";
		};
		C156471D2121FC6100F1602E /* Products */ = {
			isa = PBXGroup;
			children = (
				C156471C2121FC6100F1602E /* Умная Шляпа.app */,
			);
			name = Products;
			sourceTree = "<group>";
		};
		C156471E2121FC6100F1602E /* SmartHat */ = {
			isa = PBXGroup;
			children = (
				C156471F2121FC6100F1602E /* AppDelegate.swift */,
				C15647232121FC6100F1602E /* Main.storyboard */,
				CA14E75221756412008C23A6 /* ViewControllers */,
				C1669C59245B574800B19384 /* Requests */,
				CA14E7532175644A008C23A6 /* Models */,
				C1669C512458AD2000B19384 /* Const&Helpers */,
				CA14E751217563DA008C23A6 /* UIExtensions+xibs */,
				C18E7F95212DA92700FE1BFF /* Sounds */,
				CA432A1F2175696C0080C831 /* Fonts */,
				C156472B2121FC6200F1602E /* Info.plist */,
				C15647282121FC6200F1602E /* LaunchScreen.storyboard */,
				C15647262121FC6100F1602E /* Assets.xcassets */,
			);
			path = SmartHat;
			sourceTree = "<group>";
		};
		C1669C512458AD2000B19384 /* Const&Helpers */ = {
			isa = PBXGroup;
			children = (
				C130986321239082001D894D /* K.swift */,
				CA5916D523B3CBF1007625A1 /* Words.swift */,
				CAC9D91723B3E0F9005472AD /* Helper.swift */,
				C1669C5A245B5E6D00B19384 /* Environment.swift */,
			);
			path = "Const&Helpers";
			sourceTree = "<group>";
		};
		C1669C59245B574800B19384 /* Requests */ = {
			isa = PBXGroup;
			children = (
				C10F3F9F245C81FA001D353E /* Auth.swift */,
				C115089124781E08005867CB /* sendRequest.swift */,
				C1804DD42480EAB900FA9B57 /* RequestError.swift */,
				C1669C532458ADC600B19384 /* UserRequest.swift */,
				C10F3FA5245E0FF2001D353E /* GameRequest.swift */,
				C1956419246E971B00EDA631 /* Update.swift */,
			);
			path = Requests;
			sourceTree = "<group>";
		};
		C18E7F95212DA92700FE1BFF /* Sounds */ = {
			isa = PBXGroup;
			children = (
				CA0CD5ED23B7D56400A76B75 /* timeOver.mp3 */,
				C1C15A312489237200C28D60 /* attention.wav */,
				CA0CD5E923B7D52400A76B75 /* countdown.mp3 */,
				CA023D182175620E008AE815 /* applause.wav */,
				CA023D192175620E008AE815 /* click.wav */,
				CA023D152175620E008AE815 /* false.wav */,
				CA023D142175620E008AE815 /* true.wav */,
			);
			path = Sounds;
			sourceTree = "<group>";
		};
		C195641B246EB02E00EDA631 /* MainVC */ = {
			isa = PBXGroup;
			children = (
				CA5916D323B3C74D007625A1 /* MainVC.swift */,
				C1278233246C9590002C4E81 /* MainVC+timers.swift */,
				C1278231246C94C8002C4E81 /* MainVC+delegate.swift */,
				C144B46F247097F8006B0EDD /* MainVC+stopBtn.swift */,
			);
			path = MainVC;
			sourceTree = "<group>";
		};
		C1D0968824582C4300A03A21 /* Start */ = {
			isa = PBXGroup;
			children = (
				C1561CF32134186E00C8B674 /* StartVC.swift */,
				CA0CD5F023B8B2AB00A76B75 /* AboutTVC.swift */,
				CA0CD5EF23B8B2AB00A76B75 /* AboutVC.swift */,
				CA0CD5F323B8BA7C00A76B75 /* HelpVC.swift */,
				C1D0968224579A0E00A03A21 /* GameTypeVC.swift */,
				C1669C552458AEB100B19384 /* NewUserVC.swift */,
				C1EA3F35246830FE00BBC67E /* NewGameVC */,
			);
			path = Start;
			sourceTree = "<group>";
		};
		C1D0968924582C4F00A03A21 /* Online */ = {
			isa = PBXGroup;
			children = (
				C1D096842458299600A03A21 /* CreateJoinVC.swift */,
				C11508992479C5B9005867CB /* SettingsVC.swift */,
				C1D0968624582C1A00A03A21 /* GamesListVC.swift */,
				C1D0968B2458305400A03A21 /* GamesListTVC.swift */,
				C10F42622461CE76001D353E /* InvitePlayerVC.swift */,
				C10F426624622642001D353E /* InvitePlayerTVC.swift */,
			);
			path = Online;
			sourceTree = "<group>";
		};
		C1D0968A24582C8200A03A21 /* GameFlow */ = {
			isa = PBXGroup;
			children = (
				C195641B246EB02E00EDA631 /* MainVC */,
				C1480A902123649500137C37 /* ExplainVC.swift */,
				CA8A2F9A23B66C64008D7EBE /* EndGameVC.swift */,
				CA8A2F9C23B66DF7008D7EBE /* EndGameTVC.swift */,
				CA8A2F9E23B6A034008D7EBE /* BasketVC.swift */,
				CA8A2FA023B6A1D2008D7EBE /* BasketTVC.swift */,
				C10CF27E2514EE8F0001EA3F /* DescriptionsVC.swift */,
			);
			path = GameFlow;
			sourceTree = "<group>";
		};
		C1EA3F35246830FE00BBC67E /* NewGameVC */ = {
			isa = PBXGroup;
			children = (
				C15647212121FC6100F1602E /* NewGameVC.swift */,
				C1C8CE1B2487A477001AE20C /* NGVC+mode.swift */,
				C1EA3F3E2468332E00BBC67E /* NGVC+setup.swift */,
				C1EA3F362468314000BBC67E /* NGVC+rejectButton.swift */,
				C1EA3F332468305500BBC67E /* NGVC+updateStatus.swift */,
				C1EA3F3C246832E300BBC67E /* NGVC+createGame.swift */,
				C1EA3F38246831B400BBC67E /* NGVC+Picker.swift */,
				C1EA3F3A2468322900BBC67E /* NGVC+Delegate.swift */,
				CA3281D02376DAD200822B22 /* PlayersTVC.swift */,
			);
			path = NewGameVC;
			sourceTree = "<group>";
		};
		CA14E751217563DA008C23A6 /* UIExtensions+xibs */ = {
			isa = PBXGroup;
			children = (
				CA023D2221756243008AE815 /* AVAudioPlayer+extension.swift */,
				C127822D246ADEC0002C4E81 /* Date+extension.swift */,
				C1A1956B21387710000A1A51 /* MyButton.swift */,
				C127822B246ADDDF002C4E81 /* String+extension.swift */,
				C1A1956921387531000A1A51 /* UIView+extension.swift */,
				C1A1956F21391522000A1A51 /* UIViewController+extension.swift */,
				C1561CEF2133124A00C8B674 /* help.xib */,
			);
			path = "UIExtensions+xibs";
			sourceTree = "<group>";
		};
		CA14E75221756412008C23A6 /* ViewControllers */ = {
			isa = PBXGroup;
			children = (
				C1D0968824582C4300A03A21 /* Start */,
				C1D0968924582C4F00A03A21 /* Online */,
				C1D0968A24582C8200A03A21 /* GameFlow */,
			);
			path = ViewControllers;
			sourceTree = "<group>";
		};
		CA14E7532175644A008C23A6 /* Models */ = {
			isa = PBXGroup;
			children = (
				C1D0968D2458329600A03A21 /* Game.swift */,
				C112465324707A49009FB46D /* Game+extension.swift */,
				CA023D0C217561CD008AE815 /* GameData.swift */,
				C1D0968F245832E500A03A21 /* User.swift */,
				C1669C4F2458806700B19384 /* Player.swift */,
				C115089724794E85005867CB /* ClientSettings.swift */,
				C10F4260245F5719001D353E /* PlayersList.swift */,
				C115089D247A9DC5005867CB /* AppSettings.swift */,
				C115089F247AA03C005867CB /* Sounds.swift */,
			);
			path = Models;
			sourceTree = "<group>";
		};
		CA432A1F2175696C0080C831 /* Fonts */ = {
			isa = PBXGroup;
			children = (
				C14B02A3212983E200B2E96C /* 12009.ttf */,
			);
			path = Fonts;
			sourceTree = "<group>";
		};
/* End PBXGroup section */

/* Begin PBXNativeTarget section */
		C156471B2121FC6100F1602E /* SmartHat */ = {
			isa = PBXNativeTarget;
			buildConfigurationList = C156472E2121FC6200F1602E /* Build configuration list for PBXNativeTarget "SmartHat" */;
			buildPhases = (
				A7E7B485C7102A24D1F0B23E /* [CP] Check Pods Manifest.lock */,
				C15647182121FC6100F1602E /* Sources */,
				C15647192121FC6100F1602E /* Frameworks */,
				C156471A2121FC6100F1602E /* Resources */,
				1349CAFE35B965ABAC91180B /* [CP] Embed Pods Frameworks */,
			);
			buildRules = (
			);
			dependencies = (
			);
			name = SmartHat;
			productName = TrustOr;
			productReference = C156471C2121FC6100F1602E /* Умная Шляпа.app */;
			productType = "com.apple.product-type.application";
		};
/* End PBXNativeTarget section */

/* Begin PBXProject section */
		C15647142121FC6100F1602E /* Project object */ = {
			isa = PBXProject;
			attributes = {
				LastSwiftUpdateCheck = 0940;
				LastUpgradeCheck = 0940;
				ORGANIZATIONNAME = "Dmitry Dementyev";
				TargetAttributes = {
					C156471B2121FC6100F1602E = {
						CreatedOnToolsVersion = 9.4.1;
						LastSwiftMigration = 1140;
					};
				};
			};
			buildConfigurationList = C15647172121FC6100F1602E /* Build configuration list for PBXProject "SmartHat" */;
			compatibilityVersion = "Xcode 9.3";
			developmentRegion = en;
			hasScannedForEncodings = 0;
			knownRegions = (
				en,
				Base,
			);
			mainGroup = C15647132121FC6100F1602E;
			productRefGroup = C156471D2121FC6100F1602E /* Products */;
			projectDirPath = "";
			projectRoot = "";
			targets = (
				C156471B2121FC6100F1602E /* SmartHat */,
			);
		};
/* End PBXProject section */

/* Begin PBXResourcesBuildPhase section */
		C156471A2121FC6100F1602E /* Resources */ = {
			isa = PBXResourcesBuildPhase;
			buildActionMask = 2147483647;
			files = (
				CA023D1D2175620E008AE815 /* false.wav in Resources */,
				C156472A2121FC6200F1602E /* LaunchScreen.storyboard in Resources */,
				C1C15A322489237300C28D60 /* attention.wav in Resources */,
				CA0CD5EA23B7D52400A76B75 /* countdown.mp3 in Resources */,
				C14B02A4212983E300B2E96C /* 12009.ttf in Resources */,
				CA023D212175620E008AE815 /* click.wav in Resources */,
				C1561CF02133124A00C8B674 /* help.xib in Resources */,
				CA023D1C2175620E008AE815 /* true.wav in Resources */,
				C15647272121FC6100F1602E /* Assets.xcassets in Resources */,
				CA0CD5EE23B7D56400A76B75 /* timeOver.mp3 in Resources */,
				C15647252121FC6100F1602E /* Main.storyboard in Resources */,
				CA023D202175620E008AE815 /* applause.wav in Resources */,
			);
			runOnlyForDeploymentPostprocessing = 0;
		};
/* End PBXResourcesBuildPhase section */

/* Begin PBXShellScriptBuildPhase section */
		1349CAFE35B965ABAC91180B /* [CP] Embed Pods Frameworks */ = {
			isa = PBXShellScriptBuildPhase;
			buildActionMask = 2147483647;
			files = (
			);
			inputFileListPaths = (
				"${PODS_ROOT}/Target Support Files/Pods-Hat/Pods-Hat-frameworks-${CONFIGURATION}-input-files.xcfilelist",
			);
			name = "[CP] Embed Pods Frameworks";
			outputFileListPaths = (
				"${PODS_ROOT}/Target Support Files/Pods-Hat/Pods-Hat-frameworks-${CONFIGURATION}-output-files.xcfilelist",
			);
			runOnlyForDeploymentPostprocessing = 0;
			shellPath = /bin/sh;
			shellScript = "\"${PODS_ROOT}/Target Support Files/Pods-Hat/Pods-Hat-frameworks.sh\"\n";
			showEnvVarsInLog = 0;
		};
		A7E7B485C7102A24D1F0B23E /* [CP] Check Pods Manifest.lock */ = {
			isa = PBXShellScriptBuildPhase;
			buildActionMask = 2147483647;
			files = (
			);
			inputFileListPaths = (
			);
			inputPaths = (
				"${PODS_PODFILE_DIR_PATH}/Podfile.lock",
				"${PODS_ROOT}/Manifest.lock",
			);
			name = "[CP] Check Pods Manifest.lock";
			outputFileListPaths = (
			);
			outputPaths = (
				"$(DERIVED_FILE_DIR)/Pods-Hat-checkManifestLockResult.txt",
			);
			runOnlyForDeploymentPostprocessing = 0;
			shellPath = /bin/sh;
			shellScript = "diff \"${PODS_PODFILE_DIR_PATH}/Podfile.lock\" \"${PODS_ROOT}/Manifest.lock\" > /dev/null\nif [ $? != 0 ] ; then\n    # print error to STDERR\n    echo \"error: The sandbox is not in sync with the Podfile.lock. Run 'pod install' or update your CocoaPods installation.\" >&2\n    exit 1\nfi\n# This output is used by Xcode 'outputs' to avoid re-running this script phase.\necho \"SUCCESS\" > \"${SCRIPT_OUTPUT_FILE_0}\"\n";
			showEnvVarsInLog = 0;
		};
/* End PBXShellScriptBuildPhase section */

/* Begin PBXSourcesBuildPhase section */
		C15647182121FC6100F1602E /* Sources */ = {
			isa = PBXSourcesBuildPhase;
			buildActionMask = 2147483647;
			files = (
				C115089824794E85005867CB /* ClientSettings.swift in Sources */,
				C1480A912123649500137C37 /* ExplainVC.swift in Sources */,
				C130986421239082001D894D /* K.swift in Sources */,
				C115089E247A9DC5005867CB /* AppSettings.swift in Sources */,
				C10F3FA6245E0FF2001D353E /* GameRequest.swift in Sources */,
				C112465424707A49009FB46D /* Game+extension.swift in Sources */,
				C1D0968C2458305400A03A21 /* GamesListTVC.swift in Sources */,
				C1D0968E2458329600A03A21 /* Game.swift in Sources */,
				C1C8CE1C2487A477001AE20C /* NGVC+mode.swift in Sources */,
				C115089224781E08005867CB /* sendRequest.swift in Sources */,
				C1669C502458806700B19384 /* Player.swift in Sources */,
				C15647222121FC6100F1602E /* NewGameVC.swift in Sources */,
				C10F426724622642001D353E /* InvitePlayerTVC.swift in Sources */,
				C10F3FA0245C81FA001D353E /* Auth.swift in Sources */,
				C144B470247097F8006B0EDD /* MainVC+stopBtn.swift in Sources */,
				C115089A2479C5B9005867CB /* SettingsVC.swift in Sources */,
				C1D09690245832E500A03A21 /* User.swift in Sources */,
				CA023D2321756243008AE815 /* AVAudioPlayer+extension.swift in Sources */,
				C1561CF42134186E00C8B674 /* StartVC.swift in Sources */,
				C1D0968324579A0E00A03A21 /* GameTypeVC.swift in Sources */,
				C1EA3F3B2468322900BBC67E /* NGVC+Delegate.swift in Sources */,
				C1669C562458AEB100B19384 /* NewUserVC.swift in Sources */,
				C1278232246C94C9002C4E81 /* MainVC+delegate.swift in Sources */,
				C127822C246ADDDF002C4E81 /* String+extension.swift in Sources */,
				C1D0968724582C1A00A03A21 /* GamesListVC.swift in Sources */,
				C1EA3F3D246832E300BBC67E /* NGVC+createGame.swift in Sources */,
				C1669C542458ADC600B19384 /* UserRequest.swift in Sources */,
				C15647202121FC6100F1602E /* AppDelegate.swift in Sources */,
				CA0CD5F123B8B2AB00A76B75 /* AboutVC.swift in Sources */,
				C10CF27F2514EE8F0001EA3F /* DescriptionsVC.swift in Sources */,
				CAC9D91823B3E0F9005472AD /* Helper.swift in Sources */,
				C10F4261245F5719001D353E /* PlayersList.swift in Sources */,
				C1EA3F372468314000BBC67E /* NGVC+rejectButton.swift in Sources */,
				CA8A2F9F23B6A034008D7EBE /* BasketVC.swift in Sources */,
				CA8A2FA123B6A1D2008D7EBE /* BasketTVC.swift in Sources */,
				C11508A0247AA03C005867CB /* Sounds.swift in Sources */,
				C1EA3F3F2468332E00BBC67E /* NGVC+setup.swift in Sources */,
				C1D096852458299600A03A21 /* CreateJoinVC.swift in Sources */,
				C1804DD52480EAB900FA9B57 /* RequestError.swift in Sources */,
				C10F42632461CE76001D353E /* InvitePlayerVC.swift in Sources */,
				C1669C5B245B5E6D00B19384 /* Environment.swift in Sources */,
				C1A1956A21387531000A1A51 /* UIView+extension.swift in Sources */,
				C1EA3F39246831B400BBC67E /* NGVC+Picker.swift in Sources */,
				CA3281D12376DAD200822B22 /* PlayersTVC.swift in Sources */,
				CA8A2F9D23B66DF7008D7EBE /* EndGameTVC.swift in Sources */,
				CA5916D623B3CBF1007625A1 /* Words.swift in Sources */,
				C1278234246C9590002C4E81 /* MainVC+timers.swift in Sources */,
				C1EA3F342468305500BBC67E /* NGVC+updateStatus.swift in Sources */,
				C127822E246ADEC0002C4E81 /* Date+extension.swift in Sources */,
				C195641A246E971B00EDA631 /* Update.swift in Sources */,
				CA8A2F9B23B66C64008D7EBE /* EndGameVC.swift in Sources */,
				CA0CD5F423B8BA7C00A76B75 /* HelpVC.swift in Sources */,
				C1A1957021391522000A1A51 /* UIViewController+extension.swift in Sources */,
				CA5916D423B3C74D007625A1 /* MainVC.swift in Sources */,
				CA0CD5F223B8B2AB00A76B75 /* AboutTVC.swift in Sources */,
				CA023D0F217561CE008AE815 /* GameData.swift in Sources */,
				C1A1956C21387710000A1A51 /* MyButton.swift in Sources */,
			);
			runOnlyForDeploymentPostprocessing = 0;
		};
/* End PBXSourcesBuildPhase section */

/* Begin PBXVariantGroup section */
		C15647232121FC6100F1602E /* Main.storyboard */ = {
			isa = PBXVariantGroup;
			children = (
				C15647242121FC6100F1602E /* Base */,
			);
			name = Main.storyboard;
			sourceTree = "<group>";
		};
		C15647282121FC6200F1602E /* LaunchScreen.storyboard */ = {
			isa = PBXVariantGroup;
			children = (
				C15647292121FC6200F1602E /* Base */,
			);
			name = LaunchScreen.storyboard;
			sourceTree = "<group>";
		};
/* End PBXVariantGroup section */

/* Begin XCBuildConfiguration section */
		C156472C2121FC6200F1602E /* Debug */ = {
			isa = XCBuildConfiguration;
			buildSettings = {
				ALWAYS_SEARCH_USER_PATHS = NO;
				CLANG_ANALYZER_NONNULL = YES;
				CLANG_ANALYZER_NUMBER_OBJECT_CONVERSION = YES_AGGRESSIVE;
				CLANG_CXX_LANGUAGE_STANDARD = "gnu++14";
				CLANG_CXX_LIBRARY = "libc++";
				CLANG_ENABLE_MODULES = YES;
				CLANG_ENABLE_OBJC_ARC = YES;
				CLANG_ENABLE_OBJC_WEAK = YES;
				CLANG_WARN_BLOCK_CAPTURE_AUTORELEASING = YES;
				CLANG_WARN_BOOL_CONVERSION = YES;
				CLANG_WARN_COMMA = YES;
				CLANG_WARN_CONSTANT_CONVERSION = YES;
				CLANG_WARN_DEPRECATED_OBJC_IMPLEMENTATIONS = YES;
				CLANG_WARN_DIRECT_OBJC_ISA_USAGE = YES_ERROR;
				CLANG_WARN_DOCUMENTATION_COMMENTS = YES;
				CLANG_WARN_EMPTY_BODY = YES;
				CLANG_WARN_ENUM_CONVERSION = YES;
				CLANG_WARN_INFINITE_RECURSION = YES;
				CLANG_WARN_INT_CONVERSION = YES;
				CLANG_WARN_NON_LITERAL_NULL_CONVERSION = YES;
				CLANG_WARN_OBJC_IMPLICIT_RETAIN_SELF = YES;
				CLANG_WARN_OBJC_LITERAL_CONVERSION = YES;
				CLANG_WARN_OBJC_ROOT_CLASS = YES_ERROR;
				CLANG_WARN_RANGE_LOOP_ANALYSIS = YES;
				CLANG_WARN_STRICT_PROTOTYPES = YES;
				CLANG_WARN_SUSPICIOUS_MOVE = YES;
				CLANG_WARN_UNGUARDED_AVAILABILITY = YES_AGGRESSIVE;
				CLANG_WARN_UNREACHABLE_CODE = YES;
				CLANG_WARN__DUPLICATE_METHOD_MATCH = YES;
				CODE_SIGN_IDENTITY = "iPhone Developer";
				COPY_PHASE_STRIP = NO;
				DEBUG_INFORMATION_FORMAT = dwarf;
				ENABLE_STRICT_OBJC_MSGSEND = YES;
				ENABLE_TESTABILITY = YES;
				GCC_C_LANGUAGE_STANDARD = gnu11;
				GCC_DYNAMIC_NO_PIC = NO;
				GCC_NO_COMMON_BLOCKS = YES;
				GCC_OPTIMIZATION_LEVEL = 0;
				GCC_PREPROCESSOR_DEFINITIONS = (
					"DEBUG=1",
					"$(inherited)",
				);
				GCC_WARN_64_TO_32_BIT_CONVERSION = YES;
				GCC_WARN_ABOUT_RETURN_TYPE = YES_ERROR;
				GCC_WARN_UNDECLARED_SELECTOR = YES;
				GCC_WARN_UNINITIALIZED_AUTOS = YES_AGGRESSIVE;
				GCC_WARN_UNUSED_FUNCTION = YES;
				GCC_WARN_UNUSED_VARIABLE = YES;
				IPHONEOS_DEPLOYMENT_TARGET = 11.4;
				MTL_ENABLE_DEBUG_INFO = YES;
				ONLY_ACTIVE_ARCH = YES;
				SDKROOT = iphoneos;
				SWIFT_ACTIVE_COMPILATION_CONDITIONS = DEBUG;
				SWIFT_OPTIMIZATION_LEVEL = "-Onone";
			};
			name = Debug;
		};
		C156472D2121FC6200F1602E /* Release */ = {
			isa = XCBuildConfiguration;
			buildSettings = {
				ALWAYS_SEARCH_USER_PATHS = NO;
				CLANG_ANALYZER_NONNULL = YES;
				CLANG_ANALYZER_NUMBER_OBJECT_CONVERSION = YES_AGGRESSIVE;
				CLANG_CXX_LANGUAGE_STANDARD = "gnu++14";
				CLANG_CXX_LIBRARY = "libc++";
				CLANG_ENABLE_MODULES = YES;
				CLANG_ENABLE_OBJC_ARC = YES;
				CLANG_ENABLE_OBJC_WEAK = YES;
				CLANG_WARN_BLOCK_CAPTURE_AUTORELEASING = YES;
				CLANG_WARN_BOOL_CONVERSION = YES;
				CLANG_WARN_COMMA = YES;
				CLANG_WARN_CONSTANT_CONVERSION = YES;
				CLANG_WARN_DEPRECATED_OBJC_IMPLEMENTATIONS = YES;
				CLANG_WARN_DIRECT_OBJC_ISA_USAGE = YES_ERROR;
				CLANG_WARN_DOCUMENTATION_COMMENTS = YES;
				CLANG_WARN_EMPTY_BODY = YES;
				CLANG_WARN_ENUM_CONVERSION = YES;
				CLANG_WARN_INFINITE_RECURSION = YES;
				CLANG_WARN_INT_CONVERSION = YES;
				CLANG_WARN_NON_LITERAL_NULL_CONVERSION = YES;
				CLANG_WARN_OBJC_IMPLICIT_RETAIN_SELF = YES;
				CLANG_WARN_OBJC_LITERAL_CONVERSION = YES;
				CLANG_WARN_OBJC_ROOT_CLASS = YES_ERROR;
				CLANG_WARN_RANGE_LOOP_ANALYSIS = YES;
				CLANG_WARN_STRICT_PROTOTYPES = YES;
				CLANG_WARN_SUSPICIOUS_MOVE = YES;
				CLANG_WARN_UNGUARDED_AVAILABILITY = YES_AGGRESSIVE;
				CLANG_WARN_UNREACHABLE_CODE = YES;
				CLANG_WARN__DUPLICATE_METHOD_MATCH = YES;
				CODE_SIGN_IDENTITY = "iPhone Developer";
				COPY_PHASE_STRIP = NO;
				DEBUG_INFORMATION_FORMAT = "dwarf-with-dsym";
				ENABLE_NS_ASSERTIONS = NO;
				ENABLE_STRICT_OBJC_MSGSEND = YES;
				GCC_C_LANGUAGE_STANDARD = gnu11;
				GCC_NO_COMMON_BLOCKS = YES;
				GCC_WARN_64_TO_32_BIT_CONVERSION = YES;
				GCC_WARN_ABOUT_RETURN_TYPE = YES_ERROR;
				GCC_WARN_UNDECLARED_SELECTOR = YES;
				GCC_WARN_UNINITIALIZED_AUTOS = YES_AGGRESSIVE;
				GCC_WARN_UNUSED_FUNCTION = YES;
				GCC_WARN_UNUSED_VARIABLE = YES;
				IPHONEOS_DEPLOYMENT_TARGET = 11.4;
				MTL_ENABLE_DEBUG_INFO = NO;
				SDKROOT = iphoneos;
				SWIFT_COMPILATION_MODE = wholemodule;
				SWIFT_OPTIMIZATION_LEVEL = "-O";
				VALIDATE_PRODUCT = YES;
			};
			name = Release;
		};
		C156472F2121FC6200F1602E /* Debug */ = {
			isa = XCBuildConfiguration;
			baseConfigurationReference = 2E90485291A06DA169FEFF6A /* Pods-Hat.debug.xcconfig */;
			buildSettings = {
				ASSETCATALOG_COMPILER_APPICON_NAME = AppIcon;
				CODE_SIGN_STYLE = Automatic;
				DEVELOPMENT_TEAM = VGMMX96757;
				INFOPLIST_FILE = "$(SRCROOT)/SmartHat/Info.plist";
				IPHONEOS_DEPLOYMENT_TARGET = 10.0;
				LD_RUNPATH_SEARCH_PATHS = (
					"$(inherited)",
					"@executable_path/Frameworks",
				);
				MARKETING_VERSION = 1.0;
				PRODUCT_BUNDLE_IDENTIFIER = realcater.SmartHat;
				PRODUCT_NAME = "Умная Шляпа";
				SWIFT_VERSION = 5.0;
				TARGETED_DEVICE_FAMILY = "1,2";
			};
			name = Debug;
		};
		C15647302121FC6200F1602E /* Release */ = {
			isa = XCBuildConfiguration;
			baseConfigurationReference = BC9B614AEC439B4C0CB0A341 /* Pods-Hat.release.xcconfig */;
			buildSettings = {
				ASSETCATALOG_COMPILER_APPICON_NAME = AppIcon;
				CODE_SIGN_STYLE = Automatic;
				DEVELOPMENT_TEAM = VGMMX96757;
				INFOPLIST_FILE = "$(SRCROOT)/SmartHat/Info.plist";
				IPHONEOS_DEPLOYMENT_TARGET = 10.0;
				LD_RUNPATH_SEARCH_PATHS = (
					"$(inherited)",
					"@executable_path/Frameworks",
				);
				MARKETING_VERSION = 1.0;
				PRODUCT_BUNDLE_IDENTIFIER = realcater.SmartHat;
				PRODUCT_NAME = "Умная Шляпа";
				SWIFT_VERSION = 5.0;
				TARGETED_DEVICE_FAMILY = "1,2";
			};
			name = Release;
		};
/* End XCBuildConfiguration section */

/* Begin XCConfigurationList section */
		C15647172121FC6100F1602E /* Build configuration list for PBXProject "SmartHat" */ = {
			isa = XCConfigurationList;
			buildConfigurations = (
				C156472C2121FC6200F1602E /* Debug */,
				C156472D2121FC6200F1602E /* Release */,
			);
			defaultConfigurationIsVisible = 0;
			defaultConfigurationName = Release;
		};
		C156472E2121FC6200F1602E /* Build configuration list for PBXNativeTarget "SmartHat" */ = {
			isa = XCConfigurationList;
			buildConfigurations = (
				C156472F2121FC6200F1602E /* Debug */,
				C15647302121FC6200F1602E /* Release */,
			);
			defaultConfigurationIsVisible = 0;
			defaultConfigurationName = Release;
		};
/* End XCConfigurationList section */
	};
	rootObject = C15647142121FC6100F1602E /* Project object */;
}
